// !$*UTF8*$!
{
	archiveVersion = 1;
	classes = {
	};
	objectVersion = 46;
	objects = {

/* Begin PBXBuildFile section */
		1884BD701E02953400F66346 /* main.m in Sources */ = {isa = PBXBuildFile; fileRef = 1884BD6F1E02953400F66346 /* main.m */; };
		1884BD731E02953400F66346 /* AppDelegate.m in Sources */ = {isa = PBXBuildFile; fileRef = 1884BD721E02953400F66346 /* AppDelegate.m */; };
		1884BD761E02953400F66346 /* ViewController.m in Sources */ = {isa = PBXBuildFile; fileRef = 1884BD751E02953400F66346 /* ViewController.m */; };
		1884BD791E02953400F66346 /* Main.storyboard in Resources */ = {isa = PBXBuildFile; fileRef = 1884BD771E02953400F66346 /* Main.storyboard */; };
		1884BD7C1E02953400F66346 /* BaseViewControllers.xcdatamodeld in Sources */ = {isa = PBXBuildFile; fileRef = 1884BD7A1E02953400F66346 /* BaseViewControllers.xcdatamodeld */; };
		1884BD7E1E02953400F66346 /* Assets.xcassets in Resources */ = {isa = PBXBuildFile; fileRef = 1884BD7D1E02953400F66346 /* Assets.xcassets */; };
		1884BD811E02953400F66346 /* LaunchScreen.storyboard in Resources */ = {isa = PBXBuildFile; fileRef = 1884BD7F1E02953400F66346 /* LaunchScreen.storyboard */; };
		1884BD8C1E02953400F66346 /* BaseViewControllersTests.m in Sources */ = {isa = PBXBuildFile; fileRef = 1884BD8B1E02953400F66346 /* BaseViewControllersTests.m */; };
		1884BD971E02953400F66346 /* BaseViewControllersUITests.m in Sources */ = {isa = PBXBuildFile; fileRef = 1884BD961E02953400F66346 /* BaseViewControllersUITests.m */; };
/* End PBXBuildFile section */

/* Begin PBXContainerItemProxy section */
		1884BD881E02953400F66346 /* PBXContainerItemProxy */ = {
			isa = PBXContainerItemProxy;
			containerPortal = 1884BD631E02953400F66346 /* Project object */;
			proxyType = 1;
			remoteGlobalIDString = 1884BD6A1E02953400F66346;
			remoteInfo = BaseViewControllers;
		};
		1884BD931E02953400F66346 /* PBXContainerItemProxy */ = {
			isa = PBXContainerItemProxy;
			containerPortal = 1884BD631E02953400F66346 /* Project object */;
			proxyType = 1;
			remoteGlobalIDString = 1884BD6A1E02953400F66346;
			remoteInfo = BaseViewControllers;
		};
/* End PBXContainerItemProxy section */

/* Begin PBXFileReference section */
		1884BD6B1E02953400F66346 /* BaseViewControllers.app */ = {isa = PBXFileReference; explicitFileType = wrapper.application; includeInIndex = 0; path = BaseViewControllers.app; sourceTree = BUILT_PRODUCTS_DIR; };
		1884BD6F1E02953400F66346 /* main.m */ = {isa = PBXFileReference; lastKnownFileType = sourcecode.c.objc; path = main.m; sourceTree = "<group>"; };
		1884BD711E02953400F66346 /* AppDelegate.h */ = {isa = PBXFileReference; lastKnownFileType = sourcecode.c.h; path = AppDelegate.h; sourceTree = "<group>"; };
		1884BD721E02953400F66346 /* AppDelegate.m */ = {isa = PBXFileReference; lastKnownFileType = sourcecode.c.objc; path = AppDelegate.m; sourceTree = "<group>"; };
		1884BD741E02953400F66346 /* ViewController.h */ = {isa = PBXFileReference; lastKnownFileType = sourcecode.c.h; path = ViewController.h; sourceTree = "<group>"; };
		1884BD751E02953400F66346 /* ViewController.m */ = {isa = PBXFileReference; lastKnownFileType = sourcecode.c.objc; path = ViewController.m; sourceTree = "<group>"; };
		1884BD781E02953400F66346 /* Base */ = {isa = PBXFileReference; lastKnownFileType = file.storyboard; name = Base; path = Base.lproj/Main.storyboard; sourceTree = "<group>"; };
		1884BD7B1E02953400F66346 /* BaseViewControllers.xcdatamodel */ = {isa = PBXFileReference; lastKnownFileType = wrapper.xcdatamodel; path = BaseViewControllers.xcdatamodel; sourceTree = "<group>"; };
		1884BD7D1E02953400F66346 /* Assets.xcassets */ = {isa = PBXFileReference; lastKnownFileType = folder.assetcatalog; path = Assets.xcassets; sourceTree = "<group>"; };
		1884BD801E02953400F66346 /* Base */ = {isa = PBXFileReference; lastKnownFileType = file.storyboard; name = Base; path = Base.lproj/LaunchScreen.storyboard; sourceTree = "<group>"; };
		1884BD821E02953400F66346 /* Info.plist */ = {isa = PBXFileReference; lastKnownFileType = text.plist.xml; path = Info.plist; sourceTree = "<group>"; };
		1884BD871E02953400F66346 /* BaseViewControllersTests.xctest */ = {isa = PBXFileReference; explicitFileType = wrapper.cfbundle; includeInIndex = 0; path = BaseViewControllersTests.xctest; sourceTree = BUILT_PRODUCTS_DIR; };
		1884BD8B1E02953400F66346 /* BaseViewControllersTests.m */ = {isa = PBXFileReference; lastKnownFileType = sourcecode.c.objc; path = BaseViewControllersTests.m; sourceTree = "<group>"; };
		1884BD8D1E02953400F66346 /* Info.plist */ = {isa = PBXFileReference; lastKnownFileType = text.plist.xml; path = Info.plist; sourceTree = "<group>"; };
		1884BD921E02953400F66346 /* BaseViewControllersUITests.xctest */ = {isa = PBXFileReference; explicitFileType = wrapper.cfbundle; includeInIndex = 0; path = BaseViewControllersUITests.xctest; sourceTree = BUILT_PRODUCTS_DIR; };
		1884BD961E02953400F66346 /* BaseViewControllersUITests.m */ = {isa = PBXFileReference; lastKnownFileType = sourcecode.c.objc; path = BaseViewControllersUITests.m; sourceTree = "<group>"; };
		1884BD981E02953400F66346 /* Info.plist */ = {isa = PBXFileReference; lastKnownFileType = text.plist.xml; path = Info.plist; sourceTree = "<group>"; };
/* End PBXFileReference section */

/* Begin PBXFrameworksBuildPhase section */
		1884BD681E02953400F66346 /* Frameworks */ = {
			isa = PBXFrameworksBuildPhase;
			buildActionMask = 2147483647;
			files = (
			);
			runOnlyForDeploymentPostprocessing = 0;
		};
		1884BD841E02953400F66346 /* Frameworks */ = {
			isa = PBXFrameworksBuildPhase;
			buildActionMask = 2147483647;
			files = (
			);
			runOnlyForDeploymentPostprocessing = 0;
		};
		1884BD8F1E02953400F66346 /* Frameworks */ = {
			isa = PBXFrameworksBuildPhase;
			buildActionMask = 2147483647;
			files = (
			);
			runOnlyForDeploymentPostprocessing = 0;
		};
/* End PBXFrameworksBuildPhase section */

/* Begin PBXGroup section */
		1884BD621E02953400F66346 = {
			isa = PBXGroup;
			children = (
				1884BD6D1E02953400F66346 /* BaseViewControllers */,
				1884BD8A1E02953400F66346 /* BaseViewControllersTests */,
				1884BD951E02953400F66346 /* BaseViewControllersUITests */,
				1884BD6C1E02953400F66346 /* Products */,
			);
			sourceTree = "<group>";
		};
		1884BD6C1E02953400F66346 /* Products */ = {
			isa = PBXGroup;
			children = (
				1884BD6B1E02953400F66346 /* BaseViewControllers.app */,
				1884BD871E02953400F66346 /* BaseViewControllersTests.xctest */,
				1884BD921E02953400F66346 /* BaseViewControllersUITests.xctest */,
			);
			name = Products;
			sourceTree = "<group>";
		};
		1884BD6D1E02953400F66346 /* BaseViewControllers */ = {
			isa = PBXGroup;
			children = (
				1884BD711E02953400F66346 /* AppDelegate.h */,
				1884BD721E02953400F66346 /* AppDelegate.m */,
				1884BD741E02953400F66346 /* ViewController.h */,
				1884BD751E02953400F66346 /* ViewController.m */,
				1884BD771E02953400F66346 /* Main.storyboard */,
				1884BD7D1E02953400F66346 /* Assets.xcassets */,
				1884BD7F1E02953400F66346 /* LaunchScreen.storyboard */,
				1884BD821E02953400F66346 /* Info.plist */,
				1884BD7A1E02953400F66346 /* BaseViewControllers.xcdatamodeld */,
				1884BD6E1E02953400F66346 /* Supporting Files */,
			);
			path = BaseViewControllers;
			sourceTree = "<group>";
		};
		1884BD6E1E02953400F66346 /* Supporting Files */ = {
			isa = PBXGroup;
			children = (
				1884BD6F1E02953400F66346 /* main.m */,
			);
			name = "Supporting Files";
			sourceTree = "<group>";
		};
		1884BD8A1E02953400F66346 /* BaseViewControllersTests */ = {
			isa = PBXGroup;
			children = (
				1884BD8B1E02953400F66346 /* BaseViewControllersTests.m */,
				1884BD8D1E02953400F66346 /* Info.plist */,
			);
			path = BaseViewControllersTests;
			sourceTree = "<group>";
		};
		1884BD951E02953400F66346 /* BaseViewControllersUITests */ = {
			isa = PBXGroup;
			children = (
				1884BD961E02953400F66346 /* BaseViewControllersUITests.m */,
				1884BD981E02953400F66346 /* Info.plist */,
			);
			path = BaseViewControllersUITests;
			sourceTree = "<group>";
		};
/* End PBXGroup section */

/* Begin PBXNativeTarget section */
		1884BD6A1E02953400F66346 /* BaseViewControllers */ = {
			isa = PBXNativeTarget;
			buildConfigurationList = 1884BD9B1E02953400F66346 /* Build configuration list for PBXNativeTarget "BaseViewControllers" */;
			buildPhases = (
				1884BD671E02953400F66346 /* Sources */,
				1884BD681E02953400F66346 /* Frameworks */,
				1884BD691E02953400F66346 /* Resources */,
			);
			buildRules = (
			);
			dependencies = (
			);
			name = BaseViewControllers;
			productName = BaseViewControllers;
			productReference = 1884BD6B1E02953400F66346 /* BaseViewControllers.app */;
			productType = "com.apple.product-type.application";
		};
		1884BD861E02953400F66346 /* BaseViewControllersTests */ = {
			isa = PBXNativeTarget;
			buildConfigurationList = 1884BD9E1E02953400F66346 /* Build configuration list for PBXNativeTarget "BaseViewControllersTests" */;
			buildPhases = (
				1884BD831E02953400F66346 /* Sources */,
				1884BD841E02953400F66346 /* Frameworks */,
				1884BD851E02953400F66346 /* Resources */,
			);
			buildRules = (
			);
			dependencies = (
				1884BD891E02953400F66346 /* PBXTargetDependency */,
			);
			name = BaseViewControllersTests;
			productName = BaseViewControllersTests;
			productReference = 1884BD871E02953400F66346 /* BaseViewControllersTests.xctest */;
			productType = "com.apple.product-type.bundle.unit-test";
		};
		1884BD911E02953400F66346 /* BaseViewControllersUITests */ = {
			isa = PBXNativeTarget;
			buildConfigurationList = 1884BDA11E02953400F66346 /* Build configuration list for PBXNativeTarget "BaseViewControllersUITests" */;
			buildPhases = (
				1884BD8E1E02953400F66346 /* Sources */,
				1884BD8F1E02953400F66346 /* Frameworks */,
				1884BD901E02953400F66346 /* Resources */,
			);
			buildRules = (
			);
			dependencies = (
				1884BD941E02953400F66346 /* PBXTargetDependency */,
			);
			name = BaseViewControllersUITests;
			productName = BaseViewControllersUITests;
			productReference = 1884BD921E02953400F66346 /* BaseViewControllersUITests.xctest */;
			productType = "com.apple.product-type.bundle.ui-testing";
		};
/* End PBXNativeTarget section */

/* Begin PBXProject section */
		1884BD631E02953400F66346 /* Project object */ = {
			isa = PBXProject;
			attributes = {
				LastUpgradeCheck = 0730;
				ORGANIZATIONNAME = com.poba;
				TargetAttributes = {
					1884BD6A1E02953400F66346 = {
						CreatedOnToolsVersion = 7.3.1;
					};
					1884BD861E02953400F66346 = {
						CreatedOnToolsVersion = 7.3.1;
						TestTargetID = 1884BD6A1E02953400F66346;
					};
					1884BD911E02953400F66346 = {
						CreatedOnToolsVersion = 7.3.1;
						TestTargetID = 1884BD6A1E02953400F66346;
					};
				};
			};
			buildConfigurationList = 1884BD661E02953400F66346 /* Build configuration list for PBXProject "BaseViewControllers" */;
			compatibilityVersion = "Xcode 3.2";
			developmentRegion = English;
			hasScannedForEncodings = 0;
			knownRegions = (
				en,
				Base,
			);
			mainGroup = 1884BD621E02953400F66346;
			productRefGroup = 1884BD6C1E02953400F66346 /* Products */;
			projectDirPath = "";
			projectRoot = "";
			targets = (
				1884BD6A1E02953400F66346 /* BaseViewControllers */,
				1884BD861E02953400F66346 /* BaseViewControllersTests */,
				1884BD911E02953400F66346 /* BaseViewControllersUITests */,
			);
		};
/* End PBXProject section */

/* Begin PBXResourcesBuildPhase section */
		1884BD691E02953400F66346 /* Resources */ = {
			isa = PBXResourcesBuildPhase;
			buildActionMask = 2147483647;
			files = (
				1884BD811E02953400F66346 /* LaunchScreen.storyboard in Resources */,
				1884BD7E1E02953400F66346 /* Assets.xcassets in Resources */,
				1884BD791E02953400F66346 /* Main.storyboard in Resources */,
			);
			runOnlyForDeploymentPostprocessing = 0;
		};
		1884BD851E02953400F66346 /* Resources */ = {
			isa = PBXResourcesBuildPhase;
			buildActionMask = 2147483647;
			files = (
			);
			runOnlyForDeploymentPostprocessing = 0;
		};
		1884BD901E02953400F66346 /* Resources */ = {
			isa = PBXResourcesBuildPhase;
			buildActionMask = 2147483647;
			files = (
			);
			runOnlyForDeploymentPostprocessing = 0;
		};
/* End PBXResourcesBuildPhase section */

/* Begin PBXSourcesBuildPhase section */
		1884BD671E02953400F66346 /* Sources */ = {
			isa = PBXSourcesBuildPhase;
			buildActionMask = 2147483647;
			files = (
				1884BD761E02953400F66346 /* ViewController.m in Sources */,
				1884BD731E02953400F66346 /* AppDelegate.m in Sources */,
				1884BD7C1E02953400F66346 /* BaseViewControllers.xcdatamodeld in Sources */,
				1884BD701E02953400F66346 /* main.m in Sources */,
			);
			runOnlyForDeploymentPostprocessing = 0;
		};
		1884BD831E02953400F66346 /* Sources */ = {
			isa = PBXSourcesBuildPhase;
			buildActionMask = 2147483647;
			files = (
				1884BD8C1E02953400F66346 /* BaseViewControllersTests.m in Sources */,
			);
			runOnlyForDeploymentPostprocessing = 0;
		};
		1884BD8E1E02953400F66346 /* Sources */ = {
			isa = PBXSourcesBuildPhase;
			buildActionMask = 2147483647;
			files = (
				1884BD971E02953400F66346 /* BaseViewControllersUITests.m in Sources */,
			);
			runOnlyForDeploymentPostprocessing = 0;
		};
/* End PBXSourcesBuildPhase section */

/* Begin PBXTargetDependency section */
		1884BD891E02953400F66346 /* PBXTargetDependency */ = {
			isa = PBXTargetDependency;
			target = 1884BD6A1E02953400F66346 /* BaseViewControllers */;
			targetProxy = 1884BD881E02953400F66346 /* PBXContainerItemProxy */;
		};
		1884BD941E02953400F66346 /* PBXTargetDependency */ = {
			isa = PBXTargetDependency;
			target = 1884BD6A1E02953400F66346 /* BaseViewControllers */;
			targetProxy = 1884BD931E02953400F66346 /* PBXContainerItemProxy */;
		};
/* End PBXTargetDependency section */

/* Begin PBXVariantGroup section */
		1884BD771E02953400F66346 /* Main.storyboard */ = {
			isa = PBXVariantGroup;
			children = (
				1884BD781E02953400F66346 /* Base */,
			);
			name = Main.storyboard;
			sourceTree = "<group>";
		};
		1884BD7F1E02953400F66346 /* LaunchScreen.storyboard */ = {
			isa = PBXVariantGroup;
			children = (
				1884BD801E02953400F66346 /* Base */,
			);
			name = LaunchScreen.storyboard;
			sourceTree = "<group>";
		};
/* End PBXVariantGroup section */

/* Begin XCBuildConfiguration section */
		1884BD991E02953400F66346 /* Debug */ = {
			isa = XCBuildConfiguration;
			buildSettings = {
				ALWAYS_SEARCH_USER_PATHS = NO;
				CLANG_ANALYZER_NONNULL = YES;
				CLANG_CXX_LANGUAGE_STANDARD = "gnu++0x";
				CLANG_CXX_LIBRARY = "libc++";
				CLANG_ENABLE_MODULES = YES;
				CLANG_ENABLE_OBJC_ARC = YES;
				CLANG_WARN_BOOL_CONVERSION = YES;
				CLANG_WARN_CONSTANT_CONVERSION = YES;
				CLANG_WARN_DIRECT_OBJC_ISA_USAGE = YES_ERROR;
				CLANG_WARN_EMPTY_BODY = YES;
				CLANG_WARN_ENUM_CONVERSION = YES;
				CLANG_WARN_INT_CONVERSION = YES;
				CLANG_WARN_OBJC_ROOT_CLASS = YES_ERROR;
				CLANG_WARN_UNREACHABLE_CODE = YES;
				CLANG_WARN__DUPLICATE_METHOD_MATCH = YES;
				"CODE_SIGN_IDENTITY[sdk=iphoneos*]" = "iPhone Developer";
				COPY_PHASE_STRIP = NO;
				DEBUG_INFORMATION_FORMAT = dwarf;
				ENABLE_STRICT_OBJC_MSGSEND = YES;
				ENABLE_TESTABILITY = YES;
				GCC_C_LANGUAGE_STANDARD = gnu99;
				GCC_DYNAMIC_NO_PIC = NO;
				GCC_NO_COMMON_BLOCKS = YES;
				GCC_OPTIMIZATION_LEVEL = 0;
				GCC_PREPROCESSOR_DEFINITIONS = (
					"DEBUG=1",
					"$(inherited)",
				);
				GCC_WARN_64_TO_32_BIT_CONVERSION = YES;
				GCC_WARN_ABOUT_RETURN_TYPE = YES_ERROR;
				GCC_WARN_UNDECLARED_SELECTOR = YES;
				GCC_WARN_UNINITIALIZED_AUTOS = YES_AGGRESSIVE;
				GCC_WARN_UNUSED_FUNCTION = YES;
				GCC_WARN_UNUSED_VARIABLE = YES;
				IPHONEOS_DEPLOYMENT_TARGET = 9.3;
				MTL_ENABLE_DEBUG_INFO = YES;
				ONLY_ACTIVE_ARCH = YES;
				SDKROOT = iphoneos;
			};
			name = Debug;
		};
		1884BD9A1E02953400F66346 /* Release */ = {
			isa = XCBuildConfiguration;
			buildSettings = {
				ALWAYS_SEARCH_USER_PATHS = NO;
				CLANG_ANALYZER_NONNULL = YES;
				CLANG_CXX_LANGUAGE_STANDARD = "gnu++0x";
				CLANG_CXX_LIBRARY = "libc++";
				CLANG_ENABLE_MODULES = YES;
				CLANG_ENABLE_OBJC_ARC = YES;
				CLANG_WARN_BOOL_CONVERSION = YES;
				CLANG_WARN_CONSTANT_CONVERSION = YES;
				CLANG_WARN_DIRECT_OBJC_ISA_USAGE = YES_ERROR;
				CLANG_WARN_EMPTY_BODY = YES;
				CLANG_WARN_ENUM_CONVERSION = YES;
				CLANG_WARN_INT_CONVERSION = YES;
				CLANG_WARN_OBJC_ROOT_CLASS = YES_ERROR;
				CLANG_WARN_UNREACHABLE_CODE = YES;
				CLANG_WARN__DUPLICATE_METHOD_MATCH = YES;
				"CODE_SIGN_IDENTITY[sdk=iphoneos*]" = "iPhone Developer";
				COPY_PHASE_STRIP = NO;
				DEBUG_INFORMATION_FORMAT = "dwarf-with-dsym";
				ENABLE_NS_ASSERTIONS = NO;
				ENABLE_STRICT_OBJC_MSGSEND = YES;
				GCC_C_LANGUAGE_STANDARD = gnu99;
				GCC_NO_COMMON_BLOCKS = YES;
				GCC_WARN_64_TO_32_BIT_CONVERSION = YES;
				GCC_WARN_ABOUT_RETURN_TYPE = YES_ERROR;
				GCC_WARN_UNDECLARED_SELECTOR = YES;
				GCC_WARN_UNINITIALIZED_AUTOS = YES_AGGRESSIVE;
				GCC_WARN_UNUSED_FUNCTION = YES;
				GCC_WARN_UNUSED_VARIABLE = YES;
				IPHONEOS_DEPLOYMENT_TARGET = 9.3;
				MTL_ENABLE_DEBUG_INFO = NO;
				SDKROOT = iphoneos;
				VALIDATE_PRODUCT = YES;
			};
			name = Release;
		};
		1884BD9C1E02953400F66346 /* Debug */ = {
			isa = XCBuildConfiguration;
			buildSettings = {
				ASSETCATALOG_COMPILER_APPICON_NAME = AppIcon;
				INFOPLIST_FILE = BaseViewControllers/Info.plist;
				LD_RUNPATH_SEARCH_PATHS = "$(inherited) @executable_path/Frameworks";
				PRODUCT_BUNDLE_IDENTIFIER = com.poba.BaseViewControllers;
				PRODUCT_NAME = "$(TARGET_NAME)";
			};
			name = Debug;
		};
		1884BD9D1E02953400F66346 /* Release */ = {
			isa = XCBuildConfiguration;
			buildSettings = {
				ASSETCATALOG_COMPILER_APPICON_NAME = AppIcon;
				INFOPLIST_FILE = BaseViewControllers/Info.plist;
				LD_RUNPATH_SEARCH_PATHS = "$(inherited) @executable_path/Frameworks";
				PRODUCT_BUNDLE_IDENTIFIER = com.poba.BaseViewControllers;
				PRODUCT_NAME = "$(TARGET_NAME)";
			};
			name = Release;
		};
		1884BD9F1E02953400F66346 /* Debug */ = {
			isa = XCBuildConfiguration;
			buildSettings = {
				BUNDLE_LOADER = "$(TEST_HOST)";
				INFOPLIST_FILE = BaseViewControllersTests/Info.plist;
				LD_RUNPATH_SEARCH_PATHS = "$(inherited) @executable_path/Frameworks @loader_path/Frameworks";
				PRODUCT_BUNDLE_IDENTIFIER = com.poba.BaseViewControllersTests;
				PRODUCT_NAME = "$(TARGET_NAME)";
				TEST_HOST = "$(BUILT_PRODUCTS_DIR)/BaseViewControllers.app/BaseViewControllers";
			};
			name = Debug;
		};
		1884BDA01E02953400F66346 /* Release */ = {
			isa = XCBuildConfiguration;
			buildSettings = {
				BUNDLE_LOADER = "$(TEST_HOST)";
				INFOPLIST_FILE = BaseViewControllersTests/Info.plist;
				LD_RUNPATH_SEARCH_PATHS = "$(inherited) @executable_path/Frameworks @loader_path/Frameworks";
				PRODUCT_BUNDLE_IDENTIFIER = com.poba.BaseViewControllersTests;
				PRODUCT_NAME = "$(TARGET_NAME)";
				TEST_HOST = "$(BUILT_PRODUCTS_DIR)/BaseViewControllers.app/BaseViewControllers";
			};
			name = Release;
		};
		1884BDA21E02953400F66346 /* Debug */ = {
			isa = XCBuildConfiguration;
			buildSettings = {
				INFOPLIST_FILE = BaseViewControllersUITests/Info.plist;
				LD_RUNPATH_SEARCH_PATHS = "$(inherited) @executable_path/Frameworks @loader_path/Frameworks";
				PRODUCT_BUNDLE_IDENTIFIER = com.poba.BaseViewControllersUITests;
				PRODUCT_NAME = "$(TARGET_NAME)";
				TEST_TARGET_NAME = BaseViewControllers;
			};
			name = Debug;
		};
		1884BDA31E02953400F66346 /* Release */ = {
			isa = XCBuildConfiguration;
			buildSettings = {
				INFOPLIST_FILE = BaseViewControllersUITests/Info.plist;
				LD_RUNPATH_SEARCH_PATHS = "$(inherited) @executable_path/Frameworks @loader_path/Frameworks";
				PRODUCT_BUNDLE_IDENTIFIER = com.poba.BaseViewControllersUITests;
				PRODUCT_NAME = "$(TARGET_NAME)";
				TEST_TARGET_NAME = BaseViewControllers;
			};
			name = Release;
		};
/* End XCBuildConfiguration section */

/* Begin XCConfigurationList section */
		1884BD661E02953400F66346 /* Build configuration list for PBXProject "BaseViewControllers" */ = {
			isa = XCConfigurationList;
			buildConfigurations = (
				1884BD991E02953400F66346 /* Debug */,
				1884BD9A1E02953400F66346 /* Release */,
			);
			defaultConfigurationIsVisible = 0;
			defaultConfigurationName = Release;
		};
		1884BD9B1E02953400F66346 /* Build configuration list for PBXNativeTarget "BaseViewControllers" */ = {
			isa = XCConfigurationList;
			buildConfigurations = (
				1884BD9C1E02953400F66346 /* Debug */,
				1884BD9D1E02953400F66346 /* Release */,
			);
			defaultConfigurationIsVisible = 0;
		};
		1884BD9E1E02953400F66346 /* Build configuration list for PBXNativeTarget "BaseViewControllersTests" */ = {
			isa = XCConfigurationList;
			buildConfigurations = (
				1884BD9F1E02953400F66346 /* Debug */,
				1884BDA01E02953400F66346 /* Release */,
			);
			defaultConfigurationIsVisible = 0;
		};
		1884BDA11E02953400F66346 /* Build configuration list for PBXNativeTarget "BaseViewControllersUITests" */ = {
			isa = XCConfigurationList;
			buildConfigurations = (
				1884BDA21E02953400F66346 /* Debug */,
				1884BDA31E02953400F66346 /* Release */,
			);
			defaultConfigurationIsVisible = 0;
		};
/* End XCConfigurationList section */

/* Begin XCVersionGroup section */
		1884BD7A1E02953400F66346 /* BaseViewControllers.xcdatamodeld */ = {
			isa = XCVersionGroup;
			children = (
				1884BD7B1E02953400F66346 /* BaseViewControllers.xcdatamodel */,
			);
			currentVersion = 1884BD7B1E02953400F66346 /* BaseViewControllers.xcdatamodel */;
			path = BaseViewControllers.xcdatamodeld;
			sourceTree = "<group>";
			versionGroupType = wrapper.xcdatamodel;
		};
/* End XCVersionGroup section */
	};
	rootObject = 1884BD631E02953400F66346 /* Project object */;
}
